// !$*UTF8*$!
{
	archiveVersion = 1;
	classes = {
	};
	objectVersion = 46;
	objects = {

/* Begin PBXBuildFile section */
		32BFE7B519D043BF00694861 /* Foundation.framework in Frameworks */ = {isa = PBXBuildFile; fileRef = 32BFE7B419D043BF00694861 /* Foundation.framework */; };
		32BFE7B719D043BF00694861 /* CoreGraphics.framework in Frameworks */ = {isa = PBXBuildFile; fileRef = 32BFE7B619D043BF00694861 /* CoreGraphics.framework */; };
		32BFE7B919D043BF00694861 /* UIKit.framework in Frameworks */ = {isa = PBXBuildFile; fileRef = 32BFE7B819D043BF00694861 /* UIKit.framework */; };
		32BFE7BF19D043BF00694861 /* InfoPlist.strings in Resources */ = {isa = PBXBuildFile; fileRef = 32BFE7BD19D043BF00694861 /* InfoPlist.strings */; };
		32BFE7C119D043BF00694861 /* main.m in Sources */ = {isa = PBXBuildFile; fileRef = 32BFE7C019D043BF00694861 /* main.m */; };
		32BFE7CD19D043BF00694861 /* Images.xcassets in Resources */ = {isa = PBXBuildFile; fileRef = 32BFE7CC19D043BF00694861 /* Images.xcassets */; };
		32BFE7D419D043BF00694861 /* XCTest.framework in Frameworks */ = {isa = PBXBuildFile; fileRef = 32BFE7D319D043BF00694861 /* XCTest.framework */; };
		32BFE7D519D043BF00694861 /* Foundation.framework in Frameworks */ = {isa = PBXBuildFile; fileRef = 32BFE7B419D043BF00694861 /* Foundation.framework */; };
		32BFE7D619D043BF00694861 /* UIKit.framework in Frameworks */ = {isa = PBXBuildFile; fileRef = 32BFE7B819D043BF00694861 /* UIKit.framework */; };
		32BFE7DE19D043BF00694861 /* InfoPlist.strings in Resources */ = {isa = PBXBuildFile; fileRef = 32BFE7DC19D043BF00694861 /* InfoPlist.strings */; };
		32BFE7E019D043BF00694861 /* PayU_iOS_SDK_Sample_ApplicationTests.m in Sources */ = {isa = PBXBuildFile; fileRef = 32BFE7DF19D043BF00694861 /* PayU_iOS_SDK_Sample_ApplicationTests.m */; };
		32BFE80C19D0474200694861 /* PUThreeLabelCell+PUConfiguration.m in Sources */ = {isa = PBXBuildFile; fileRef = 32BFE7EF19D0474200694861 /* PUThreeLabelCell+PUConfiguration.m */; };
		32BFE80D19D0474200694861 /* UIAlertView+SimpleAlert.m in Sources */ = {isa = PBXBuildFile; fileRef = 32BFE7F219D0474200694861 /* UIAlertView+SimpleAlert.m */; };
		32BFE80E19D0474200694861 /* PUContentTableViewController.m in Sources */ = {isa = PBXBuildFile; fileRef = 32BFE7F719D0474200694861 /* PUContentTableViewController.m */; };
		32BFE80F19D0474200694861 /* PUMainViewController.m in Sources */ = {isa = PBXBuildFile; fileRef = 32BFE7FA19D0474200694861 /* PUMainViewController.m */; };
		32BFE81019D0474200694861 /* PUSampleDataProvider.m in Sources */ = {isa = PBXBuildFile; fileRef = 32BFE7FC19D0474200694861 /* PUSampleDataProvider.m */; };
		32BFE81319D0474200694861 /* PUItem.m in Sources */ = {isa = PBXBuildFile; fileRef = 32BFE80419D0474200694861 /* PUItem.m */; };
		32BFE81519D0474200694861 /* PUThreeLabelCell.m in Sources */ = {isa = PBXBuildFile; fileRef = 32BFE80919D0474200694861 /* PUThreeLabelCell.m */; };
		32BFE81619D0474200694861 /* iPhoneStoryboard.storyboard in Resources */ = {isa = PBXBuildFile; fileRef = 32BFE80A19D0474200694861 /* iPhoneStoryboard.storyboard */; };
		32BFE81E19D0478800694861 /* PUPaymentViewController.m in Sources */ = {isa = PBXBuildFile; fileRef = 32BFE81C19D0478800694861 /* PUPaymentViewController.m */; };
		32BFE82119D047D200694861 /* PUPaymentDetailsCellConfigurator.m in Sources */ = {isa = PBXBuildFile; fileRef = 32BFE82019D047D200694861 /* PUPaymentDetailsCellConfigurator.m */; };
		32BFE82419D0481A00694861 /* PUAppDelegate.m in Sources */ = {isa = PBXBuildFile; fileRef = 32BFE82319D0481A00694861 /* PUAppDelegate.m */; };
		32BFE84319D04A0100694861 /* AFHTTPClient.m in Sources */ = {isa = PBXBuildFile; fileRef = 32BFE82919D04A0100694861 /* AFHTTPClient.m */; };
		32BFE84419D04A0100694861 /* AFHTTPRequestOperation.m in Sources */ = {isa = PBXBuildFile; fileRef = 32BFE82B19D04A0100694861 /* AFHTTPRequestOperation.m */; };
		32BFE84519D04A0100694861 /* AFImageRequestOperation.m in Sources */ = {isa = PBXBuildFile; fileRef = 32BFE82D19D04A0100694861 /* AFImageRequestOperation.m */; };
		32BFE84619D04A0100694861 /* AFJSONRequestOperation.m in Sources */ = {isa = PBXBuildFile; fileRef = 32BFE82F19D04A0100694861 /* AFJSONRequestOperation.m */; };
		32BFE84719D04A0100694861 /* AFNetworkActivityIndicatorManager.m in Sources */ = {isa = PBXBuildFile; fileRef = 32BFE83119D04A0100694861 /* AFNetworkActivityIndicatorManager.m */; };
		32BFE84819D04A0100694861 /* AFPropertyListRequestOperation.m in Sources */ = {isa = PBXBuildFile; fileRef = 32BFE83419D04A0100694861 /* AFPropertyListRequestOperation.m */; };
		32BFE84919D04A0100694861 /* AFURLConnectionOperation.m in Sources */ = {isa = PBXBuildFile; fileRef = 32BFE83619D04A0100694861 /* AFURLConnectionOperation.m */; };
		32BFE84A19D04A0100694861 /* AFXMLRequestOperation.m in Sources */ = {isa = PBXBuildFile; fileRef = 32BFE83819D04A0100694861 /* AFXMLRequestOperation.m */; };
		32BFE84B19D04A0100694861 /* UIImageView+AFNetworking.m in Sources */ = {isa = PBXBuildFile; fileRef = 32BFE83A19D04A0100694861 /* UIImageView+AFNetworking.m */; };
		32BFE84C19D04A0100694861 /* LICENSE in Resources */ = {isa = PBXBuildFile; fileRef = 32BFE83B19D04A0100694861 /* LICENSE */; };
		32BFE84D19D04A0100694861 /* README.md in Resources */ = {isa = PBXBuildFile; fileRef = 32BFE83C19D04A0100694861 /* README.md */; };
		32BFE84E19D04A0100694861 /* AFOAuth2Client.m in Sources */ = {isa = PBXBuildFile; fileRef = 32BFE84019D04A0100694861 /* AFOAuth2Client.m */; };
		32BFE84F19D04A0100694861 /* LICENSE in Resources */ = {isa = PBXBuildFile; fileRef = 32BFE84119D04A0100694861 /* LICENSE */; };
		32BFE85019D04A0100694861 /* README.md in Resources */ = {isa = PBXBuildFile; fileRef = 32BFE84219D04A0100694861 /* README.md */; };
		32BFE85F19D04A6B00694861 /* PayUOneClickSDK.bundle in Resources */ = {isa = PBXBuildFile; fileRef = 32BFE85D19D04A6B00694861 /* PayUOneClickSDK.bundle */; };
		32BFE87A19D04ACC00694861 /* EXTADT.m in Sources */ = {isa = PBXBuildFile; fileRef = 32BFE86319D04ACC00694861 /* EXTADT.m */; };
		32BFE87B19D04ACC00694861 /* EXTConcreteProtocol.m in Sources */ = {isa = PBXBuildFile; fileRef = 32BFE86519D04ACC00694861 /* EXTConcreteProtocol.m */; };
		32BFE87C19D04ACC00694861 /* EXTNil.m in Sources */ = {isa = PBXBuildFile; fileRef = 32BFE86819D04ACC00694861 /* EXTNil.m */; };
		32BFE87D19D04ACC00694861 /* EXTRuntimeExtensions.m in Sources */ = {isa = PBXBuildFile; fileRef = 32BFE86B19D04ACC00694861 /* EXTRuntimeExtensions.m */; };
		32BFE87E19D04ACC00694861 /* EXTSafeCategory.m in Sources */ = {isa = PBXBuildFile; fileRef = 32BFE86D19D04ACC00694861 /* EXTSafeCategory.m */; };
		32BFE87F19D04ACC00694861 /* EXTScope.m in Sources */ = {isa = PBXBuildFile; fileRef = 32BFE86F19D04ACC00694861 /* EXTScope.m */; };
		32BFE88019D04ACC00694861 /* EXTSelectorChecking.m in Sources */ = {isa = PBXBuildFile; fileRef = 32BFE87119D04ACC00694861 /* EXTSelectorChecking.m */; };
		32BFE88119D04ACC00694861 /* NSInvocation+EXT.m in Sources */ = {isa = PBXBuildFile; fileRef = 32BFE87519D04ACC00694861 /* NSInvocation+EXT.m */; };
		32BFE88219D04ACC00694861 /* NSMethodSignature+EXT.m in Sources */ = {isa = PBXBuildFile; fileRef = 32BFE87719D04ACC00694861 /* NSMethodSignature+EXT.m */; };
		32BFE88319D04ACC00694861 /* LICENSE.md in Resources */ = {isa = PBXBuildFile; fileRef = 32BFE87819D04ACC00694861 /* LICENSE.md */; };
		32BFE88419D04ACC00694861 /* README.md in Resources */ = {isa = PBXBuildFile; fileRef = 32BFE87919D04ACC00694861 /* README.md */; };
		32BFE88A19D04F6E00694861 /* LICENSE in Resources */ = {isa = PBXBuildFile; fileRef = 32BFE88619D04F6E00694861 /* LICENSE */; };
		32BFE88B19D04F6E00694861 /* README.md in Resources */ = {isa = PBXBuildFile; fileRef = 32BFE88719D04F6E00694861 /* README.md */; };
		32BFE88C19D04F6E00694861 /* UIView+Position.m in Sources */ = {isa = PBXBuildFile; fileRef = 32BFE88919D04F6E00694861 /* UIView+Position.m */; };
		32BFE89019D29BEA00694861 /* README.md in Resources */ = {isa = PBXBuildFile; fileRef = 32BFE88F19D29BEA00694861 /* README.md */; };
		522578F61BB428F600515B13 /* Launch Screen.storyboard in Resources */ = {isa = PBXBuildFile; fileRef = 522578F51BB428F600515B13 /* Launch Screen.storyboard */; };
		52C2CE2C1C7B0BE700B5B98E /* SystemConfiguration.framework in Frameworks */ = {isa = PBXBuildFile; fileRef = 52C2CE2B1C7B0BE700B5B98E /* SystemConfiguration.framework */; };
		52C2CE2E1C7B0BED00B5B98E /* MobileCoreServices.framework in Frameworks */ = {isa = PBXBuildFile; fileRef = 52C2CE2D1C7B0BED00B5B98E /* MobileCoreServices.framework */; };
		604873441CA29D2F0080DA12 /* libPayU-iOS-SDK-Oneclick_Release.a in Frameworks */ = {isa = PBXBuildFile; fileRef = 604873431CA29D2F0080DA12 /* libPayU-iOS-SDK-Oneclick_Release.a */; };
/* End PBXBuildFile section */

/* Begin PBXContainerItemProxy section */
		32BFE7D719D043BF00694861 /* PBXContainerItemProxy */ = {
			isa = PBXContainerItemProxy;
			containerPortal = 32BFE7A919D043BF00694861 /* Project object */;
			proxyType = 1;
			remoteGlobalIDString = 32BFE7B019D043BF00694861;
			remoteInfo = "PayU-iOS-SDK-Sample-Application";
		};
/* End PBXContainerItemProxy section */

/* Begin PBXFileReference section */
		32BFE7B119D043BF00694861 /* PayU-iOS-SDK-Sample-Application.app */ = {isa = PBXFileReference; explicitFileType = wrapper.application; includeInIndex = 0; path = "PayU-iOS-SDK-Sample-Application.app"; sourceTree = BUILT_PRODUCTS_DIR; };
		32BFE7B419D043BF00694861 /* Foundation.framework */ = {isa = PBXFileReference; lastKnownFileType = wrapper.framework; name = Foundation.framework; path = System/Library/Frameworks/Foundation.framework; sourceTree = SDKROOT; };
		32BFE7B619D043BF00694861 /* CoreGraphics.framework */ = {isa = PBXFileReference; lastKnownFileType = wrapper.framework; name = CoreGraphics.framework; path = System/Library/Frameworks/CoreGraphics.framework; sourceTree = SDKROOT; };
		32BFE7B819D043BF00694861 /* UIKit.framework */ = {isa = PBXFileReference; lastKnownFileType = wrapper.framework; name = UIKit.framework; path = System/Library/Frameworks/UIKit.framework; sourceTree = SDKROOT; };
		32BFE7BC19D043BF00694861 /* PayU-iOS-SDK-Sample-Application-Info.plist */ = {isa = PBXFileReference; lastKnownFileType = text.plist.xml; path = "PayU-iOS-SDK-Sample-Application-Info.plist"; sourceTree = "<group>"; };
		32BFE7BE19D043BF00694861 /* en */ = {isa = PBXFileReference; lastKnownFileType = text.plist.strings; name = en; path = en.lproj/InfoPlist.strings; sourceTree = "<group>"; };
		32BFE7C019D043BF00694861 /* main.m */ = {isa = PBXFileReference; lastKnownFileType = sourcecode.c.objc; path = main.m; sourceTree = "<group>"; };
		32BFE7C219D043BF00694861 /* PayU-iOS-SDK-Sample-Application-Prefix.pch */ = {isa = PBXFileReference; lastKnownFileType = sourcecode.c.h; path = "PayU-iOS-SDK-Sample-Application-Prefix.pch"; sourceTree = "<group>"; };
		32BFE7CC19D043BF00694861 /* Images.xcassets */ = {isa = PBXFileReference; lastKnownFileType = folder.assetcatalog; path = Images.xcassets; sourceTree = "<group>"; };
		32BFE7D219D043BF00694861 /* PayU-iOS-SDK-Sample-ApplicationTests.xctest */ = {isa = PBXFileReference; explicitFileType = wrapper.cfbundle; includeInIndex = 0; path = "PayU-iOS-SDK-Sample-ApplicationTests.xctest"; sourceTree = BUILT_PRODUCTS_DIR; };
		32BFE7D319D043BF00694861 /* XCTest.framework */ = {isa = PBXFileReference; lastKnownFileType = wrapper.framework; name = XCTest.framework; path = Library/Frameworks/XCTest.framework; sourceTree = DEVELOPER_DIR; };
		32BFE7DB19D043BF00694861 /* PayU-iOS-SDK-Sample-ApplicationTests-Info.plist */ = {isa = PBXFileReference; lastKnownFileType = text.plist.xml; path = "PayU-iOS-SDK-Sample-ApplicationTests-Info.plist"; sourceTree = "<group>"; };
		32BFE7DD19D043BF00694861 /* en */ = {isa = PBXFileReference; lastKnownFileType = text.plist.strings; name = en; path = en.lproj/InfoPlist.strings; sourceTree = "<group>"; };
		32BFE7DF19D043BF00694861 /* PayU_iOS_SDK_Sample_ApplicationTests.m */ = {isa = PBXFileReference; lastKnownFileType = sourcecode.c.objc; path = PayU_iOS_SDK_Sample_ApplicationTests.m; sourceTree = "<group>"; };
		32BFE7EE19D0474200694861 /* PUThreeLabelCell+PUConfiguration.h */ = {isa = PBXFileReference; fileEncoding = 4; lastKnownFileType = sourcecode.c.h; path = "PUThreeLabelCell+PUConfiguration.h"; sourceTree = "<group>"; };
		32BFE7EF19D0474200694861 /* PUThreeLabelCell+PUConfiguration.m */ = {isa = PBXFileReference; fileEncoding = 4; lastKnownFileType = sourcecode.c.objc; path = "PUThreeLabelCell+PUConfiguration.m"; sourceTree = "<group>"; };
		32BFE7F119D0474200694861 /* UIAlertView+SimpleAlert.h */ = {isa = PBXFileReference; fileEncoding = 4; lastKnownFileType = sourcecode.c.h; path = "UIAlertView+SimpleAlert.h"; sourceTree = "<group>"; };
		32BFE7F219D0474200694861 /* UIAlertView+SimpleAlert.m */ = {isa = PBXFileReference; fileEncoding = 4; lastKnownFileType = sourcecode.c.objc; path = "UIAlertView+SimpleAlert.m"; sourceTree = "<group>"; };
		32BFE7F619D0474200694861 /* PUContentTableViewController.h */ = {isa = PBXFileReference; fileEncoding = 4; lastKnownFileType = sourcecode.c.h; path = PUContentTableViewController.h; sourceTree = "<group>"; };
		32BFE7F719D0474200694861 /* PUContentTableViewController.m */ = {isa = PBXFileReference; fileEncoding = 4; lastKnownFileType = sourcecode.c.objc; path = PUContentTableViewController.m; sourceTree = "<group>"; };
		32BFE7F919D0474200694861 /* PUMainViewController.h */ = {isa = PBXFileReference; fileEncoding = 4; lastKnownFileType = sourcecode.c.h; path = PUMainViewController.h; sourceTree = "<group>"; };
		32BFE7FA19D0474200694861 /* PUMainViewController.m */ = {isa = PBXFileReference; fileEncoding = 4; lastKnownFileType = sourcecode.c.objc; path = PUMainViewController.m; sourceTree = "<group>"; };
		32BFE7FB19D0474200694861 /* PUSampleDataProvider.h */ = {isa = PBXFileReference; fileEncoding = 4; lastKnownFileType = sourcecode.c.h; path = PUSampleDataProvider.h; sourceTree = "<group>"; };
		32BFE7FC19D0474200694861 /* PUSampleDataProvider.m */ = {isa = PBXFileReference; fileEncoding = 4; lastKnownFileType = sourcecode.c.objc; path = PUSampleDataProvider.m; sourceTree = "<group>"; };
		32BFE80319D0474200694861 /* PUItem.h */ = {isa = PBXFileReference; fileEncoding = 4; lastKnownFileType = sourcecode.c.h; path = PUItem.h; sourceTree = "<group>"; };
		32BFE80419D0474200694861 /* PUItem.m */ = {isa = PBXFileReference; fileEncoding = 4; lastKnownFileType = sourcecode.c.objc; path = PUItem.m; sourceTree = "<group>"; };
		32BFE80819D0474200694861 /* PUThreeLabelCell.h */ = {isa = PBXFileReference; fileEncoding = 4; lastKnownFileType = sourcecode.c.h; path = PUThreeLabelCell.h; sourceTree = "<group>"; };
		32BFE80919D0474200694861 /* PUThreeLabelCell.m */ = {isa = PBXFileReference; fileEncoding = 4; lastKnownFileType = sourcecode.c.objc; path = PUThreeLabelCell.m; sourceTree = "<group>"; };
		32BFE80A19D0474200694861 /* iPhoneStoryboard.storyboard */ = {isa = PBXFileReference; fileEncoding = 4; lastKnownFileType = file.storyboard; path = iPhoneStoryboard.storyboard; sourceTree = "<group>"; };
		32BFE81B19D0478800694861 /* PUPaymentViewController.h */ = {isa = PBXFileReference; fileEncoding = 4; lastKnownFileType = sourcecode.c.h; path = PUPaymentViewController.h; sourceTree = "<group>"; };
		32BFE81C19D0478800694861 /* PUPaymentViewController.m */ = {isa = PBXFileReference; fileEncoding = 4; lastKnownFileType = sourcecode.c.objc; path = PUPaymentViewController.m; sourceTree = "<group>"; };
		32BFE81F19D047D200694861 /* PUPaymentDetailsCellConfigurator.h */ = {isa = PBXFileReference; fileEncoding = 4; lastKnownFileType = sourcecode.c.h; path = PUPaymentDetailsCellConfigurator.h; sourceTree = "<group>"; };
		32BFE82019D047D200694861 /* PUPaymentDetailsCellConfigurator.m */ = {isa = PBXFileReference; fileEncoding = 4; lastKnownFileType = sourcecode.c.objc; path = PUPaymentDetailsCellConfigurator.m; sourceTree = "<group>"; };
		32BFE82219D0481A00694861 /* PUAppDelegate.h */ = {isa = PBXFileReference; fileEncoding = 4; lastKnownFileType = sourcecode.c.h; name = PUAppDelegate.h; path = "PayU-iOS-SDK-Sample-Application/PUAppDelegate.h"; sourceTree = "<group>"; };
		32BFE82319D0481A00694861 /* PUAppDelegate.m */ = {isa = PBXFileReference; fileEncoding = 4; lastKnownFileType = sourcecode.c.objc; name = PUAppDelegate.m; path = "PayU-iOS-SDK-Sample-Application/PUAppDelegate.m"; sourceTree = "<group>"; };
		32BFE82819D04A0100694861 /* AFHTTPClient.h */ = {isa = PBXFileReference; fileEncoding = 4; lastKnownFileType = sourcecode.c.h; path = AFHTTPClient.h; sourceTree = "<group>"; };
		32BFE82919D04A0100694861 /* AFHTTPClient.m */ = {isa = PBXFileReference; fileEncoding = 4; lastKnownFileType = sourcecode.c.objc; path = AFHTTPClient.m; sourceTree = "<group>"; };
		32BFE82A19D04A0100694861 /* AFHTTPRequestOperation.h */ = {isa = PBXFileReference; fileEncoding = 4; lastKnownFileType = sourcecode.c.h; path = AFHTTPRequestOperation.h; sourceTree = "<group>"; };
		32BFE82B19D04A0100694861 /* AFHTTPRequestOperation.m */ = {isa = PBXFileReference; fileEncoding = 4; lastKnownFileType = sourcecode.c.objc; path = AFHTTPRequestOperation.m; sourceTree = "<group>"; };
		32BFE82C19D04A0100694861 /* AFImageRequestOperation.h */ = {isa = PBXFileReference; fileEncoding = 4; lastKnownFileType = sourcecode.c.h; path = AFImageRequestOperation.h; sourceTree = "<group>"; };
		32BFE82D19D04A0100694861 /* AFImageRequestOperation.m */ = {isa = PBXFileReference; fileEncoding = 4; lastKnownFileType = sourcecode.c.objc; path = AFImageRequestOperation.m; sourceTree = "<group>"; };
		32BFE82E19D04A0100694861 /* AFJSONRequestOperation.h */ = {isa = PBXFileReference; fileEncoding = 4; lastKnownFileType = sourcecode.c.h; path = AFJSONRequestOperation.h; sourceTree = "<group>"; };
		32BFE82F19D04A0100694861 /* AFJSONRequestOperation.m */ = {isa = PBXFileReference; fileEncoding = 4; lastKnownFileType = sourcecode.c.objc; path = AFJSONRequestOperation.m; sourceTree = "<group>"; };
		32BFE83019D04A0100694861 /* AFNetworkActivityIndicatorManager.h */ = {isa = PBXFileReference; fileEncoding = 4; lastKnownFileType = sourcecode.c.h; path = AFNetworkActivityIndicatorManager.h; sourceTree = "<group>"; };
		32BFE83119D04A0100694861 /* AFNetworkActivityIndicatorManager.m */ = {isa = PBXFileReference; fileEncoding = 4; lastKnownFileType = sourcecode.c.objc; path = AFNetworkActivityIndicatorManager.m; sourceTree = "<group>"; };
		32BFE83219D04A0100694861 /* AFNetworking.h */ = {isa = PBXFileReference; fileEncoding = 4; lastKnownFileType = sourcecode.c.h; path = AFNetworking.h; sourceTree = "<group>"; };
		32BFE83319D04A0100694861 /* AFPropertyListRequestOperation.h */ = {isa = PBXFileReference; fileEncoding = 4; lastKnownFileType = sourcecode.c.h; path = AFPropertyListRequestOperation.h; sourceTree = "<group>"; };
		32BFE83419D04A0100694861 /* AFPropertyListRequestOperation.m */ = {isa = PBXFileReference; fileEncoding = 4; lastKnownFileType = sourcecode.c.objc; path = AFPropertyListRequestOperation.m; sourceTree = "<group>"; };
		32BFE83519D04A0100694861 /* AFURLConnectionOperation.h */ = {isa = PBXFileReference; fileEncoding = 4; lastKnownFileType = sourcecode.c.h; path = AFURLConnectionOperation.h; sourceTree = "<group>"; };
		32BFE83619D04A0100694861 /* AFURLConnectionOperation.m */ = {isa = PBXFileReference; fileEncoding = 4; lastKnownFileType = sourcecode.c.objc; path = AFURLConnectionOperation.m; sourceTree = "<group>"; };
		32BFE83719D04A0100694861 /* AFXMLRequestOperation.h */ = {isa = PBXFileReference; fileEncoding = 4; lastKnownFileType = sourcecode.c.h; path = AFXMLRequestOperation.h; sourceTree = "<group>"; };
		32BFE83819D04A0100694861 /* AFXMLRequestOperation.m */ = {isa = PBXFileReference; fileEncoding = 4; lastKnownFileType = sourcecode.c.objc; path = AFXMLRequestOperation.m; sourceTree = "<group>"; };
		32BFE83919D04A0100694861 /* UIImageView+AFNetworking.h */ = {isa = PBXFileReference; fileEncoding = 4; lastKnownFileType = sourcecode.c.h; path = "UIImageView+AFNetworking.h"; sourceTree = "<group>"; };
		32BFE83A19D04A0100694861 /* UIImageView+AFNetworking.m */ = {isa = PBXFileReference; fileEncoding = 4; lastKnownFileType = sourcecode.c.objc; path = "UIImageView+AFNetworking.m"; sourceTree = "<group>"; };
		32BFE83B19D04A0100694861 /* LICENSE */ = {isa = PBXFileReference; fileEncoding = 4; lastKnownFileType = text; path = LICENSE; sourceTree = "<group>"; };
		32BFE83C19D04A0100694861 /* README.md */ = {isa = PBXFileReference; fileEncoding = 4; lastKnownFileType = text; path = README.md; sourceTree = "<group>"; };
		32BFE83F19D04A0100694861 /* AFOAuth2Client.h */ = {isa = PBXFileReference; fileEncoding = 4; lastKnownFileType = sourcecode.c.h; path = AFOAuth2Client.h; sourceTree = "<group>"; };
		32BFE84019D04A0100694861 /* AFOAuth2Client.m */ = {isa = PBXFileReference; fileEncoding = 4; lastKnownFileType = sourcecode.c.objc; path = AFOAuth2Client.m; sourceTree = "<group>"; };
		32BFE84119D04A0100694861 /* LICENSE */ = {isa = PBXFileReference; fileEncoding = 4; lastKnownFileType = text; path = LICENSE; sourceTree = "<group>"; };
		32BFE84219D04A0100694861 /* README.md */ = {isa = PBXFileReference; fileEncoding = 4; lastKnownFileType = text; path = README.md; sourceTree = "<group>"; };
		32BFE85419D04A6B00694861 /* PUAuthorizationDataSource.h */ = {isa = PBXFileReference; fileEncoding = 4; lastKnownFileType = sourcecode.c.h; path = PUAuthorizationDataSource.h; sourceTree = "<group>"; };
		32BFE85519D04A6B00694861 /* PUErrorCode.h */ = {isa = PBXFileReference; fileEncoding = 4; lastKnownFileType = sourcecode.c.h; path = PUErrorCode.h; sourceTree = "<group>"; };
		32BFE85619D04A6B00694861 /* PUPaymentMethodDescription.h */ = {isa = PBXFileReference; fileEncoding = 4; lastKnownFileType = sourcecode.c.h; path = PUPaymentMethodDescription.h; sourceTree = "<group>"; };
		32BFE85819D04A6B00694861 /* PUPaymentMethodViewControllerDelegate.h */ = {isa = PBXFileReference; fileEncoding = 4; lastKnownFileType = sourcecode.c.h; path = PUPaymentMethodViewControllerDelegate.h; sourceTree = "<group>"; };
		32BFE85919D04A6B00694861 /* PUPaymentRequest.h */ = {isa = PBXFileReference; fileEncoding = 4; lastKnownFileType = sourcecode.c.h; path = PUPaymentRequest.h; sourceTree = "<group>"; };
		32BFE85A19D04A6B00694861 /* PUPaymentService.h */ = {isa = PBXFileReference; fileEncoding = 4; lastKnownFileType = sourcecode.c.h; path = PUPaymentService.h; sourceTree = "<group>"; };
		32BFE85B19D04A6B00694861 /* PUSDK.h */ = {isa = PBXFileReference; fileEncoding = 4; lastKnownFileType = sourcecode.c.h; path = PUSDK.h; sourceTree = "<group>"; };
		32BFE85D19D04A6B00694861 /* PayUOneClickSDK.bundle */ = {isa = PBXFileReference; lastKnownFileType = "wrapper.plug-in"; path = PayUOneClickSDK.bundle; sourceTree = "<group>"; };
		32BFE86219D04ACC00694861 /* EXTADT.h */ = {isa = PBXFileReference; fileEncoding = 4; lastKnownFileType = sourcecode.c.h; path = EXTADT.h; sourceTree = "<group>"; };
		32BFE86319D04ACC00694861 /* EXTADT.m */ = {isa = PBXFileReference; fileEncoding = 4; lastKnownFileType = sourcecode.c.objc; path = EXTADT.m; sourceTree = "<group>"; };
		32BFE86419D04ACC00694861 /* EXTConcreteProtocol.h */ = {isa = PBXFileReference; fileEncoding = 4; lastKnownFileType = sourcecode.c.h; path = EXTConcreteProtocol.h; sourceTree = "<group>"; };
		32BFE86519D04ACC00694861 /* EXTConcreteProtocol.m */ = {isa = PBXFileReference; fileEncoding = 4; lastKnownFileType = sourcecode.c.objc; path = EXTConcreteProtocol.m; sourceTree = "<group>"; };
		32BFE86619D04ACC00694861 /* EXTKeyPathCoding.h */ = {isa = PBXFileReference; fileEncoding = 4; lastKnownFileType = sourcecode.c.h; path = EXTKeyPathCoding.h; sourceTree = "<group>"; };
		32BFE86719D04ACC00694861 /* EXTNil.h */ = {isa = PBXFileReference; fileEncoding = 4; lastKnownFileType = sourcecode.c.h; path = EXTNil.h; sourceTree = "<group>"; };
		32BFE86819D04ACC00694861 /* EXTNil.m */ = {isa = PBXFileReference; fileEncoding = 4; lastKnownFileType = sourcecode.c.objc; path = EXTNil.m; sourceTree = "<group>"; };
		32BFE86919D04ACC00694861 /* extobjc.h */ = {isa = PBXFileReference; fileEncoding = 4; lastKnownFileType = sourcecode.c.h; path = extobjc.h; sourceTree = "<group>"; };
		32BFE86A19D04ACC00694861 /* EXTRuntimeExtensions.h */ = {isa = PBXFileReference; fileEncoding = 4; lastKnownFileType = sourcecode.c.h; path = EXTRuntimeExtensions.h; sourceTree = "<group>"; };
		32BFE86B19D04ACC00694861 /* EXTRuntimeExtensions.m */ = {isa = PBXFileReference; fileEncoding = 4; lastKnownFileType = sourcecode.c.objc; path = EXTRuntimeExtensions.m; sourceTree = "<group>"; };
		32BFE86C19D04ACC00694861 /* EXTSafeCategory.h */ = {isa = PBXFileReference; fileEncoding = 4; lastKnownFileType = sourcecode.c.h; path = EXTSafeCategory.h; sourceTree = "<group>"; };
		32BFE86D19D04ACC00694861 /* EXTSafeCategory.m */ = {isa = PBXFileReference; fileEncoding = 4; lastKnownFileType = sourcecode.c.objc; path = EXTSafeCategory.m; sourceTree = "<group>"; };
		32BFE86E19D04ACC00694861 /* EXTScope.h */ = {isa = PBXFileReference; fileEncoding = 4; lastKnownFileType = sourcecode.c.h; path = EXTScope.h; sourceTree = "<group>"; };
		32BFE86F19D04ACC00694861 /* EXTScope.m */ = {isa = PBXFileReference; fileEncoding = 4; lastKnownFileType = sourcecode.c.objc; path = EXTScope.m; sourceTree = "<group>"; };
		32BFE87019D04ACC00694861 /* EXTSelectorChecking.h */ = {isa = PBXFileReference; fileEncoding = 4; lastKnownFileType = sourcecode.c.h; path = EXTSelectorChecking.h; sourceTree = "<group>"; };
		32BFE87119D04ACC00694861 /* EXTSelectorChecking.m */ = {isa = PBXFileReference; fileEncoding = 4; lastKnownFileType = sourcecode.c.objc; path = EXTSelectorChecking.m; sourceTree = "<group>"; };
		32BFE87219D04ACC00694861 /* EXTSynthesize.h */ = {isa = PBXFileReference; fileEncoding = 4; lastKnownFileType = sourcecode.c.h; path = EXTSynthesize.h; sourceTree = "<group>"; };
		32BFE87319D04ACC00694861 /* metamacros.h */ = {isa = PBXFileReference; fileEncoding = 4; lastKnownFileType = sourcecode.c.h; path = metamacros.h; sourceTree = "<group>"; };
		32BFE87419D04ACC00694861 /* NSInvocation+EXT.h */ = {isa = PBXFileReference; fileEncoding = 4; lastKnownFileType = sourcecode.c.h; path = "NSInvocation+EXT.h"; sourceTree = "<group>"; };
		32BFE87519D04ACC00694861 /* NSInvocation+EXT.m */ = {isa = PBXFileReference; fileEncoding = 4; lastKnownFileType = sourcecode.c.objc; path = "NSInvocation+EXT.m"; sourceTree = "<group>"; };
		32BFE87619D04ACC00694861 /* NSMethodSignature+EXT.h */ = {isa = PBXFileReference; fileEncoding = 4; lastKnownFileType = sourcecode.c.h; path = "NSMethodSignature+EXT.h"; sourceTree = "<group>"; };
		32BFE87719D04ACC00694861 /* NSMethodSignature+EXT.m */ = {isa = PBXFileReference; fileEncoding = 4; lastKnownFileType = sourcecode.c.objc; path = "NSMethodSignature+EXT.m"; sourceTree = "<group>"; };
		32BFE87819D04ACC00694861 /* LICENSE.md */ = {isa = PBXFileReference; fileEncoding = 4; lastKnownFileType = text; path = LICENSE.md; sourceTree = "<group>"; };
		32BFE87919D04ACC00694861 /* README.md */ = {isa = PBXFileReference; fileEncoding = 4; lastKnownFileType = text; path = README.md; sourceTree = "<group>"; };
		32BFE88619D04F6E00694861 /* LICENSE */ = {isa = PBXFileReference; fileEncoding = 4; lastKnownFileType = text; path = LICENSE; sourceTree = "<group>"; };
		32BFE88719D04F6E00694861 /* README.md */ = {isa = PBXFileReference; fileEncoding = 4; lastKnownFileType = text; path = README.md; sourceTree = "<group>"; };
		32BFE88819D04F6E00694861 /* UIView+Position.h */ = {isa = PBXFileReference; fileEncoding = 4; lastKnownFileType = sourcecode.c.h; path = "UIView+Position.h"; sourceTree = "<group>"; };
		32BFE88919D04F6E00694861 /* UIView+Position.m */ = {isa = PBXFileReference; fileEncoding = 4; lastKnownFileType = sourcecode.c.objc; path = "UIView+Position.m"; sourceTree = "<group>"; };
		32BFE88F19D29BEA00694861 /* README.md */ = {isa = PBXFileReference; fileEncoding = 4; lastKnownFileType = text; path = README.md; sourceTree = "<group>"; };
		522578F51BB428F600515B13 /* Launch Screen.storyboard */ = {isa = PBXFileReference; fileEncoding = 4; lastKnownFileType = file.storyboard; path = "Launch Screen.storyboard"; sourceTree = "<group>"; };
		52C2CE2B1C7B0BE700B5B98E /* SystemConfiguration.framework */ = {isa = PBXFileReference; lastKnownFileType = wrapper.framework; name = SystemConfiguration.framework; path = System/Library/Frameworks/SystemConfiguration.framework; sourceTree = SDKROOT; };
		52C2CE2D1C7B0BED00B5B98E /* MobileCoreServices.framework */ = {isa = PBXFileReference; lastKnownFileType = wrapper.framework; name = MobileCoreServices.framework; path = System/Library/Frameworks/MobileCoreServices.framework; sourceTree = SDKROOT; };
		52C2CE2F1C7B106900B5B98E /* libPayU-iOS-SDK-Oneclick_Debug.a */ = {isa = PBXFileReference; lastKnownFileType = archive.ar; name = "libPayU-iOS-SDK-Oneclick_Debug.a"; path = "PayU-iOS-SDK-Sample-Application/External/PayUOneClickSDK/libPayU-iOS-SDK-Oneclick_Debug.a"; sourceTree = "<group>"; };
		604873431CA29D2F0080DA12 /* libPayU-iOS-SDK-Oneclick_Release.a */ = {isa = PBXFileReference; lastKnownFileType = archive.ar; name = "libPayU-iOS-SDK-Oneclick_Release.a"; path = "../SDK/libPayU-iOS-SDK-Oneclick_Release.a"; sourceTree = "<group>"; };
/* End PBXFileReference section */

/* Begin PBXFrameworksBuildPhase section */
		32BFE7AE19D043BF00694861 /* Frameworks */ = {
			isa = PBXFrameworksBuildPhase;
			buildActionMask = 2147483647;
			files = (
				604873441CA29D2F0080DA12 /* libPayU-iOS-SDK-Oneclick_Release.a in Frameworks */,
				52C2CE2E1C7B0BED00B5B98E /* MobileCoreServices.framework in Frameworks */,
				52C2CE2C1C7B0BE700B5B98E /* SystemConfiguration.framework in Frameworks */,
				32BFE7B719D043BF00694861 /* CoreGraphics.framework in Frameworks */,
				32BFE7B919D043BF00694861 /* UIKit.framework in Frameworks */,
				32BFE7B519D043BF00694861 /* Foundation.framework in Frameworks */,
			);
			runOnlyForDeploymentPostprocessing = 0;
		};
		32BFE7CF19D043BF00694861 /* Frameworks */ = {
			isa = PBXFrameworksBuildPhase;
			buildActionMask = 2147483647;
			files = (
				32BFE7D419D043BF00694861 /* XCTest.framework in Frameworks */,
				32BFE7D619D043BF00694861 /* UIKit.framework in Frameworks */,
				32BFE7D519D043BF00694861 /* Foundation.framework in Frameworks */,
			);
			runOnlyForDeploymentPostprocessing = 0;
		};
/* End PBXFrameworksBuildPhase section */

/* Begin PBXGroup section */
		32BFE7A819D043BF00694861 = {
			isa = PBXGroup;
			children = (
				32BFE81719D0477300694861 /* Sample code */,
				32BFE7BA19D043BF00694861 /* PayU-iOS-SDK-Sample-Application */,
				32BFE7D919D043BF00694861 /* PayU-iOS-SDK-Sample-ApplicationTests */,
				32BFE7B319D043BF00694861 /* Frameworks */,
				32BFE7B219D043BF00694861 /* Products */,
			);
			sourceTree = "<group>";
		};
		32BFE7B219D043BF00694861 /* Products */ = {
			isa = PBXGroup;
			children = (
				32BFE7B119D043BF00694861 /* PayU-iOS-SDK-Sample-Application.app */,
				32BFE7D219D043BF00694861 /* PayU-iOS-SDK-Sample-ApplicationTests.xctest */,
			);
			name = Products;
			sourceTree = "<group>";
		};
		32BFE7B319D043BF00694861 /* Frameworks */ = {
			isa = PBXGroup;
			children = (
				604873431CA29D2F0080DA12 /* libPayU-iOS-SDK-Oneclick_Release.a */,
				52C2CE2F1C7B106900B5B98E /* libPayU-iOS-SDK-Oneclick_Debug.a */,
				52C2CE2D1C7B0BED00B5B98E /* MobileCoreServices.framework */,
				52C2CE2B1C7B0BE700B5B98E /* SystemConfiguration.framework */,
				32BFE7B419D043BF00694861 /* Foundation.framework */,
				32BFE7B619D043BF00694861 /* CoreGraphics.framework */,
				32BFE7B819D043BF00694861 /* UIKit.framework */,
				32BFE7D319D043BF00694861 /* XCTest.framework */,
			);
			name = Frameworks;
			sourceTree = "<group>";
		};
		32BFE7BA19D043BF00694861 /* PayU-iOS-SDK-Sample-Application */ = {
			isa = PBXGroup;
			children = (
				32BFE82519D048B400694861 /* External */,
				32BFE7CC19D043BF00694861 /* Images.xcassets */,
				32BFE7BB19D043BF00694861 /* Supporting Files */,
			);
			path = "PayU-iOS-SDK-Sample-Application";
			sourceTree = "<group>";
		};
		32BFE7BB19D043BF00694861 /* Supporting Files */ = {
			isa = PBXGroup;
			children = (
				32BFE7E919D0474200694861 /* Categories */,
				32BFE7F319D0474200694861 /* Classes */,
				32BFE80A19D0474200694861 /* iPhoneStoryboard.storyboard */,
				522578F51BB428F600515B13 /* Launch Screen.storyboard */,
				32BFE7BC19D043BF00694861 /* PayU-iOS-SDK-Sample-Application-Info.plist */,
				32BFE7BD19D043BF00694861 /* InfoPlist.strings */,
				32BFE7C019D043BF00694861 /* main.m */,
				32BFE7C219D043BF00694861 /* PayU-iOS-SDK-Sample-Application-Prefix.pch */,
			);
			name = "Supporting Files";
			sourceTree = "<group>";
		};
		32BFE7D919D043BF00694861 /* PayU-iOS-SDK-Sample-ApplicationTests */ = {
			isa = PBXGroup;
			children = (
				32BFE7DF19D043BF00694861 /* PayU_iOS_SDK_Sample_ApplicationTests.m */,
				32BFE7DA19D043BF00694861 /* Supporting Files */,
			);
			path = "PayU-iOS-SDK-Sample-ApplicationTests";
			sourceTree = "<group>";
		};
		32BFE7DA19D043BF00694861 /* Supporting Files */ = {
			isa = PBXGroup;
			children = (
				32BFE7DB19D043BF00694861 /* PayU-iOS-SDK-Sample-ApplicationTests-Info.plist */,
				32BFE7DC19D043BF00694861 /* InfoPlist.strings */,
			);
			name = "Supporting Files";
			sourceTree = "<group>";
		};
		32BFE7E919D0474200694861 /* Categories */ = {
			isa = PBXGroup;
			children = (
				32BFE7ED19D0474200694861 /* PUThreeLabelCell+PUConfiguration */,
				32BFE7F019D0474200694861 /* UIAlertView+SimpleAlert */,
			);
			path = Categories;
			sourceTree = "<group>";
		};
		32BFE7ED19D0474200694861 /* PUThreeLabelCell+PUConfiguration */ = {
			isa = PBXGroup;
			children = (
				32BFE7EE19D0474200694861 /* PUThreeLabelCell+PUConfiguration.h */,
				32BFE7EF19D0474200694861 /* PUThreeLabelCell+PUConfiguration.m */,
			);
			path = "PUThreeLabelCell+PUConfiguration";
			sourceTree = "<group>";
		};
		32BFE7F019D0474200694861 /* UIAlertView+SimpleAlert */ = {
			isa = PBXGroup;
			children = (
				32BFE7F119D0474200694861 /* UIAlertView+SimpleAlert.h */,
				32BFE7F219D0474200694861 /* UIAlertView+SimpleAlert.m */,
			);
			path = "UIAlertView+SimpleAlert";
			sourceTree = "<group>";
		};
		32BFE7F319D0474200694861 /* Classes */ = {
			isa = PBXGroup;
			children = (
				32BFE7F419D0474200694861 /* Controller */,
				32BFE80219D0474200694861 /* Model */,
				32BFE80519D0474200694861 /* View */,
			);
			path = Classes;
			sourceTree = "<group>";
		};
		32BFE7F419D0474200694861 /* Controller */ = {
			isa = PBXGroup;
			children = (
				32BFE7F519D0474200694861 /* PUContentTableViewController */,
				32BFE7F819D0474200694861 /* PUMainViewController */,
				32BFE7FD19D0474200694861 /* PUPaymentViewController */,
			);
			path = Controller;
			sourceTree = "<group>";
		};
		32BFE7F519D0474200694861 /* PUContentTableViewController */ = {
			isa = PBXGroup;
			children = (
				32BFE7F619D0474200694861 /* PUContentTableViewController.h */,
				32BFE7F719D0474200694861 /* PUContentTableViewController.m */,
			);
			path = PUContentTableViewController;
			sourceTree = "<group>";
		};
		32BFE7F819D0474200694861 /* PUMainViewController */ = {
			isa = PBXGroup;
			children = (
				32BFE7F919D0474200694861 /* PUMainViewController.h */,
				32BFE7FA19D0474200694861 /* PUMainViewController.m */,
				32BFE7FB19D0474200694861 /* PUSampleDataProvider.h */,
				32BFE7FC19D0474200694861 /* PUSampleDataProvider.m */,
			);
			path = PUMainViewController;
			sourceTree = "<group>";
		};
		32BFE7FD19D0474200694861 /* PUPaymentViewController */ = {
			isa = PBXGroup;
			children = (
				32BFE81F19D047D200694861 /* PUPaymentDetailsCellConfigurator.h */,
				32BFE82019D047D200694861 /* PUPaymentDetailsCellConfigurator.m */,
			);
			path = PUPaymentViewController;
			sourceTree = "<group>";
		};
		32BFE80219D0474200694861 /* Model */ = {
			isa = PBXGroup;
			children = (
				32BFE80319D0474200694861 /* PUItem.h */,
				32BFE80419D0474200694861 /* PUItem.m */,
			);
			path = Model;
			sourceTree = "<group>";
		};
		32BFE80519D0474200694861 /* View */ = {
			isa = PBXGroup;
			children = (
				32BFE80819D0474200694861 /* PUThreeLabelCell.h */,
				32BFE80919D0474200694861 /* PUThreeLabelCell.m */,
			);
			path = View;
			sourceTree = "<group>";
		};
		32BFE81719D0477300694861 /* Sample code */ = {
			isa = PBXGroup;
			children = (
				32BFE88D19D141EE00694861 /* PUAuthorizationDataSource */,
				32BFE81819D0478800694861 /* PUPaymentViewController */,
			);
			name = "Sample code";
			sourceTree = "<group>";
		};
		32BFE81819D0478800694861 /* PUPaymentViewController */ = {
			isa = PBXGroup;
			children = (
				32BFE81B19D0478800694861 /* PUPaymentViewController.h */,
				32BFE81C19D0478800694861 /* PUPaymentViewController.m */,
			);
			name = PUPaymentViewController;
			path = "PayU-iOS-SDK-Sample-Application/Classes/Controller/PUPaymentViewController";
			sourceTree = "<group>";
		};
		32BFE82519D048B400694861 /* External */ = {
			isa = PBXGroup;
			children = (
				32BFE88519D04F6E00694861 /* UIViewPlusPosition */,
				32BFE86019D04ACB00694861 /* libextobjc */,
				32BFE85119D04A6B00694861 /* PayUOneClickSDK */,
				32BFE82619D04A0100694861 /* AFNetworking */,
				32BFE83D19D04A0100694861 /* AFOAuth2Client */,
			);
			name = External;
			path = ..;
			sourceTree = "<group>";
		};
		32BFE82619D04A0100694861 /* AFNetworking */ = {
			isa = PBXGroup;
			children = (
				32BFE82719D04A0100694861 /* AFNetworking */,
				32BFE83B19D04A0100694861 /* LICENSE */,
				32BFE83C19D04A0100694861 /* README.md */,
			);
			name = AFNetworking;
			path = "PayU-iOS-SDK-Sample-Application/External/AFNetworking";
			sourceTree = "<group>";
		};
		32BFE82719D04A0100694861 /* AFNetworking */ = {
			isa = PBXGroup;
			children = (
				32BFE82819D04A0100694861 /* AFHTTPClient.h */,
				32BFE82919D04A0100694861 /* AFHTTPClient.m */,
				32BFE82A19D04A0100694861 /* AFHTTPRequestOperation.h */,
				32BFE82B19D04A0100694861 /* AFHTTPRequestOperation.m */,
				32BFE82C19D04A0100694861 /* AFImageRequestOperation.h */,
				32BFE82D19D04A0100694861 /* AFImageRequestOperation.m */,
				32BFE82E19D04A0100694861 /* AFJSONRequestOperation.h */,
				32BFE82F19D04A0100694861 /* AFJSONRequestOperation.m */,
				32BFE83019D04A0100694861 /* AFNetworkActivityIndicatorManager.h */,
				32BFE83119D04A0100694861 /* AFNetworkActivityIndicatorManager.m */,
				32BFE83219D04A0100694861 /* AFNetworking.h */,
				32BFE83319D04A0100694861 /* AFPropertyListRequestOperation.h */,
				32BFE83419D04A0100694861 /* AFPropertyListRequestOperation.m */,
				32BFE83519D04A0100694861 /* AFURLConnectionOperation.h */,
				32BFE83619D04A0100694861 /* AFURLConnectionOperation.m */,
				32BFE83719D04A0100694861 /* AFXMLRequestOperation.h */,
				32BFE83819D04A0100694861 /* AFXMLRequestOperation.m */,
				32BFE83919D04A0100694861 /* UIImageView+AFNetworking.h */,
				32BFE83A19D04A0100694861 /* UIImageView+AFNetworking.m */,
			);
			path = AFNetworking;
			sourceTree = "<group>";
		};
		32BFE83D19D04A0100694861 /* AFOAuth2Client */ = {
			isa = PBXGroup;
			children = (
				32BFE83E19D04A0100694861 /* AFOAuth2Client */,
				32BFE84119D04A0100694861 /* LICENSE */,
				32BFE84219D04A0100694861 /* README.md */,
			);
			name = AFOAuth2Client;
			path = "PayU-iOS-SDK-Sample-Application/External/AFOAuth2Client";
			sourceTree = "<group>";
		};
		32BFE83E19D04A0100694861 /* AFOAuth2Client */ = {
			isa = PBXGroup;
			children = (
				32BFE83F19D04A0100694861 /* AFOAuth2Client.h */,
				32BFE84019D04A0100694861 /* AFOAuth2Client.m */,
			);
			path = AFOAuth2Client;
			sourceTree = "<group>";
		};
		32BFE85119D04A6B00694861 /* PayUOneClickSDK */ = {
			isa = PBXGroup;
			children = (
				32BFE88F19D29BEA00694861 /* README.md */,
				32BFE85219D04A6B00694861 /* include */,
				32BFE85D19D04A6B00694861 /* PayUOneClickSDK.bundle */,
			);
			name = PayUOneClickSDK;
			path = "PayU-iOS-SDK-Sample-Application/External/PayUOneClickSDK";
			sourceTree = "<group>";
		};
		32BFE85219D04A6B00694861 /* include */ = {
			isa = PBXGroup;
			children = (
				32BFE85319D04A6B00694861 /* PayU-iOS-SDK-Oneclick */,
			);
			path = include;
			sourceTree = "<group>";
		};
		32BFE85319D04A6B00694861 /* PayU-iOS-SDK-Oneclick */ = {
			isa = PBXGroup;
			children = (
				32BFE85419D04A6B00694861 /* PUAuthorizationDataSource.h */,
				32BFE85519D04A6B00694861 /* PUErrorCode.h */,
				32BFE85619D04A6B00694861 /* PUPaymentMethodDescription.h */,
				32BFE85819D04A6B00694861 /* PUPaymentMethodViewControllerDelegate.h */,
				32BFE85919D04A6B00694861 /* PUPaymentRequest.h */,
				32BFE85A19D04A6B00694861 /* PUPaymentService.h */,
				32BFE85B19D04A6B00694861 /* PUSDK.h */,
			);
			path = "PayU-iOS-SDK-Oneclick";
			sourceTree = "<group>";
		};
		32BFE86019D04ACB00694861 /* libextobjc */ = {
			isa = PBXGroup;
			children = (
				32BFE86119D04ACC00694861 /* extobjc */,
				32BFE87819D04ACC00694861 /* LICENSE.md */,
				32BFE87919D04ACC00694861 /* README.md */,
			);
			name = libextobjc;
			path = "PayU-iOS-SDK-Sample-Application/External/libextobjc";
			sourceTree = "<group>";
		};
		32BFE86119D04ACC00694861 /* extobjc */ = {
			isa = PBXGroup;
			children = (
				32BFE86219D04ACC00694861 /* EXTADT.h */,
				32BFE86319D04ACC00694861 /* EXTADT.m */,
				32BFE86419D04ACC00694861 /* EXTConcreteProtocol.h */,
				32BFE86519D04ACC00694861 /* EXTConcreteProtocol.m */,
				32BFE86619D04ACC00694861 /* EXTKeyPathCoding.h */,
				32BFE86719D04ACC00694861 /* EXTNil.h */,
				32BFE86819D04ACC00694861 /* EXTNil.m */,
				32BFE86919D04ACC00694861 /* extobjc.h */,
				32BFE86A19D04ACC00694861 /* EXTRuntimeExtensions.h */,
				32BFE86B19D04ACC00694861 /* EXTRuntimeExtensions.m */,
				32BFE86C19D04ACC00694861 /* EXTSafeCategory.h */,
				32BFE86D19D04ACC00694861 /* EXTSafeCategory.m */,
				32BFE86E19D04ACC00694861 /* EXTScope.h */,
				32BFE86F19D04ACC00694861 /* EXTScope.m */,
				32BFE87019D04ACC00694861 /* EXTSelectorChecking.h */,
				32BFE87119D04ACC00694861 /* EXTSelectorChecking.m */,
				32BFE87219D04ACC00694861 /* EXTSynthesize.h */,
				32BFE87319D04ACC00694861 /* metamacros.h */,
				32BFE87419D04ACC00694861 /* NSInvocation+EXT.h */,
				32BFE87519D04ACC00694861 /* NSInvocation+EXT.m */,
				32BFE87619D04ACC00694861 /* NSMethodSignature+EXT.h */,
				32BFE87719D04ACC00694861 /* NSMethodSignature+EXT.m */,
			);
			path = extobjc;
			sourceTree = "<group>";
		};
		32BFE88519D04F6E00694861 /* UIViewPlusPosition */ = {
			isa = PBXGroup;
			children = (
				32BFE88619D04F6E00694861 /* LICENSE */,
				32BFE88719D04F6E00694861 /* README.md */,
				32BFE88819D04F6E00694861 /* UIView+Position.h */,
				32BFE88919D04F6E00694861 /* UIView+Position.m */,
			);
			name = UIViewPlusPosition;
			path = "PayU-iOS-SDK-Sample-Application/External/UIViewPlusPosition";
			sourceTree = "<group>";
		};
		32BFE88D19D141EE00694861 /* PUAuthorizationDataSource */ = {
			isa = PBXGroup;
			children = (
				32BFE82219D0481A00694861 /* PUAppDelegate.h */,
				32BFE82319D0481A00694861 /* PUAppDelegate.m */,
			);
			name = PUAuthorizationDataSource;
			sourceTree = "<group>";
		};
/* End PBXGroup section */

/* Begin PBXNativeTarget section */
		32BFE7B019D043BF00694861 /* PayU-iOS-SDK-Sample-Application */ = {
			isa = PBXNativeTarget;
			buildConfigurationList = 32BFE7E319D043BF00694861 /* Build configuration list for PBXNativeTarget "PayU-iOS-SDK-Sample-Application" */;
			buildPhases = (
				32BFE7AD19D043BF00694861 /* Sources */,
				32BFE7AE19D043BF00694861 /* Frameworks */,
				32BFE7AF19D043BF00694861 /* Resources */,
			);
			buildRules = (
			);
			dependencies = (
			);
			name = "PayU-iOS-SDK-Sample-Application";
			productName = "PayU-iOS-SDK-Sample-Application";
			productReference = 32BFE7B119D043BF00694861 /* PayU-iOS-SDK-Sample-Application.app */;
			productType = "com.apple.product-type.application";
		};
		32BFE7D119D043BF00694861 /* PayU-iOS-SDK-Sample-ApplicationTests */ = {
			isa = PBXNativeTarget;
			buildConfigurationList = 32BFE7E619D043BF00694861 /* Build configuration list for PBXNativeTarget "PayU-iOS-SDK-Sample-ApplicationTests" */;
			buildPhases = (
				32BFE7CE19D043BF00694861 /* Sources */,
				32BFE7CF19D043BF00694861 /* Frameworks */,
				32BFE7D019D043BF00694861 /* Resources */,
			);
			buildRules = (
			);
			dependencies = (
				32BFE7D819D043BF00694861 /* PBXTargetDependency */,
			);
			name = "PayU-iOS-SDK-Sample-ApplicationTests";
			productName = "PayU-iOS-SDK-Sample-ApplicationTests";
			productReference = 32BFE7D219D043BF00694861 /* PayU-iOS-SDK-Sample-ApplicationTests.xctest */;
			productType = "com.apple.product-type.bundle.unit-test";
		};
/* End PBXNativeTarget section */

/* Begin PBXProject section */
		32BFE7A919D043BF00694861 /* Project object */ = {
			isa = PBXProject;
			attributes = {
				CLASSPREFIX = SA;
				LastUpgradeCheck = 0710;
				ORGANIZATIONNAME = PayU;
				TargetAttributes = {
					32BFE7D119D043BF00694861 = {
						TestTargetID = 32BFE7B019D043BF00694861;
					};
				};
			};
			buildConfigurationList = 32BFE7AC19D043BF00694861 /* Build configuration list for PBXProject "PayU-iOS-SDK-Sample-Application" */;
			compatibilityVersion = "Xcode 3.2";
			developmentRegion = English;
			hasScannedForEncodings = 0;
			knownRegions = (
				en,
				Base,
			);
			mainGroup = 32BFE7A819D043BF00694861;
			productRefGroup = 32BFE7B219D043BF00694861 /* Products */;
			projectDirPath = "";
			projectRoot = "";
			targets = (
				32BFE7B019D043BF00694861 /* PayU-iOS-SDK-Sample-Application */,
				32BFE7D119D043BF00694861 /* PayU-iOS-SDK-Sample-ApplicationTests */,
			);
		};
/* End PBXProject section */

/* Begin PBXResourcesBuildPhase section */
		32BFE7AF19D043BF00694861 /* Resources */ = {
			isa = PBXResourcesBuildPhase;
			buildActionMask = 2147483647;
			files = (
				32BFE84F19D04A0100694861 /* LICENSE in Resources */,
				32BFE88319D04ACC00694861 /* LICENSE.md in Resources */,
				32BFE88419D04ACC00694861 /* README.md in Resources */,
				32BFE7CD19D043BF00694861 /* Images.xcassets in Resources */,
				32BFE89019D29BEA00694861 /* README.md in Resources */,
				32BFE7BF19D043BF00694861 /* InfoPlist.strings in Resources */,
				522578F61BB428F600515B13 /* Launch Screen.storyboard in Resources */,
				32BFE88A19D04F6E00694861 /* LICENSE in Resources */,
				32BFE88B19D04F6E00694861 /* README.md in Resources */,
				32BFE85019D04A0100694861 /* README.md in Resources */,
				32BFE84D19D04A0100694861 /* README.md in Resources */,
				32BFE84C19D04A0100694861 /* LICENSE in Resources */,
				32BFE81619D0474200694861 /* iPhoneStoryboard.storyboard in Resources */,
				32BFE85F19D04A6B00694861 /* PayUOneClickSDK.bundle in Resources */,
			);
			runOnlyForDeploymentPostprocessing = 0;
		};
		32BFE7D019D043BF00694861 /* Resources */ = {
			isa = PBXResourcesBuildPhase;
			buildActionMask = 2147483647;
			files = (
				32BFE7DE19D043BF00694861 /* InfoPlist.strings in Resources */,
			);
			runOnlyForDeploymentPostprocessing = 0;
		};
/* End PBXResourcesBuildPhase section */

/* Begin PBXSourcesBuildPhase section */
		32BFE7AD19D043BF00694861 /* Sources */ = {
			isa = PBXSourcesBuildPhase;
			buildActionMask = 2147483647;
			files = (
				32BFE80F19D0474200694861 /* PUMainViewController.m in Sources */,
				32BFE87C19D04ACC00694861 /* EXTNil.m in Sources */,
				32BFE88219D04ACC00694861 /* NSMethodSignature+EXT.m in Sources */,
				32BFE81019D0474200694861 /* PUSampleDataProvider.m in Sources */,
				32BFE7C119D043BF00694861 /* main.m in Sources */,
				32BFE88119D04ACC00694861 /* NSInvocation+EXT.m in Sources */,
				32BFE81E19D0478800694861 /* PUPaymentViewController.m in Sources */,
				32BFE84919D04A0100694861 /* AFURLConnectionOperation.m in Sources */,
				32BFE87E19D04ACC00694861 /* EXTSafeCategory.m in Sources */,
				32BFE84319D04A0100694861 /* AFHTTPClient.m in Sources */,
				32BFE84819D04A0100694861 /* AFPropertyListRequestOperation.m in Sources */,
				32BFE88C19D04F6E00694861 /* UIView+Position.m in Sources */,
				32BFE82119D047D200694861 /* PUPaymentDetailsCellConfigurator.m in Sources */,
				32BFE84B19D04A0100694861 /* UIImageView+AFNetworking.m in Sources */,
				32BFE82419D0481A00694861 /* PUAppDelegate.m in Sources */,
				32BFE84719D04A0100694861 /* AFNetworkActivityIndicatorManager.m in Sources */,
				32BFE84519D04A0100694861 /* AFImageRequestOperation.m in Sources */,
				32BFE87A19D04ACC00694861 /* EXTADT.m in Sources */,
				32BFE88019D04ACC00694861 /* EXTSelectorChecking.m in Sources */,
				32BFE80E19D0474200694861 /* PUContentTableViewController.m in Sources */,
				32BFE84A19D04A0100694861 /* AFXMLRequestOperation.m in Sources */,
				32BFE87F19D04ACC00694861 /* EXTScope.m in Sources */,
				32BFE81519D0474200694861 /* PUThreeLabelCell.m in Sources */,
				32BFE80D19D0474200694861 /* UIAlertView+SimpleAlert.m in Sources */,
				32BFE84419D04A0100694861 /* AFHTTPRequestOperation.m in Sources */,
				32BFE87B19D04ACC00694861 /* EXTConcreteProtocol.m in Sources */,
				32BFE87D19D04ACC00694861 /* EXTRuntimeExtensions.m in Sources */,
				32BFE84E19D04A0100694861 /* AFOAuth2Client.m in Sources */,
				32BFE84619D04A0100694861 /* AFJSONRequestOperation.m in Sources */,
				32BFE80C19D0474200694861 /* PUThreeLabelCell+PUConfiguration.m in Sources */,
				32BFE81319D0474200694861 /* PUItem.m in Sources */,
			);
			runOnlyForDeploymentPostprocessing = 0;
		};
		32BFE7CE19D043BF00694861 /* Sources */ = {
			isa = PBXSourcesBuildPhase;
			buildActionMask = 2147483647;
			files = (
				32BFE7E019D043BF00694861 /* PayU_iOS_SDK_Sample_ApplicationTests.m in Sources */,
			);
			runOnlyForDeploymentPostprocessing = 0;
		};
/* End PBXSourcesBuildPhase section */

/* Begin PBXTargetDependency section */
		32BFE7D819D043BF00694861 /* PBXTargetDependency */ = {
			isa = PBXTargetDependency;
			target = 32BFE7B019D043BF00694861 /* PayU-iOS-SDK-Sample-Application */;
			targetProxy = 32BFE7D719D043BF00694861 /* PBXContainerItemProxy */;
		};
/* End PBXTargetDependency section */

/* Begin PBXVariantGroup section */
		32BFE7BD19D043BF00694861 /* InfoPlist.strings */ = {
			isa = PBXVariantGroup;
			children = (
				32BFE7BE19D043BF00694861 /* en */,
			);
			name = InfoPlist.strings;
			sourceTree = "<group>";
		};
		32BFE7DC19D043BF00694861 /* InfoPlist.strings */ = {
			isa = PBXVariantGroup;
			children = (
				32BFE7DD19D043BF00694861 /* en */,
			);
			name = InfoPlist.strings;
			sourceTree = "<group>";
		};
/* End PBXVariantGroup section */

/* Begin XCBuildConfiguration section */
		32BFE7E119D043BF00694861 /* Debug */ = {
			isa = XCBuildConfiguration;
			buildSettings = {
				ALWAYS_SEARCH_USER_PATHS = NO;
				CLANG_CXX_LANGUAGE_STANDARD = "gnu++0x";
				CLANG_CXX_LIBRARY = "libc++";
				CLANG_ENABLE_MODULES = YES;
				CLANG_ENABLE_OBJC_ARC = YES;
				CLANG_WARN_BOOL_CONVERSION = YES;
				CLANG_WARN_CONSTANT_CONVERSION = YES;
				CLANG_WARN_DIRECT_OBJC_ISA_USAGE = YES_ERROR;
				CLANG_WARN_EMPTY_BODY = YES;
				CLANG_WARN_ENUM_CONVERSION = YES;
				CLANG_WARN_INT_CONVERSION = YES;
				CLANG_WARN_OBJC_ROOT_CLASS = YES_ERROR;
				CLANG_WARN__DUPLICATE_METHOD_MATCH = YES;
				"CODE_SIGN_IDENTITY[sdk=iphoneos*]" = "iPhone Developer";
				COPY_PHASE_STRIP = NO;
				ENABLE_TESTABILITY = YES;
				GCC_C_LANGUAGE_STANDARD = gnu99;
				GCC_DYNAMIC_NO_PIC = NO;
				GCC_OPTIMIZATION_LEVEL = 0;
				GCC_PREPROCESSOR_DEFINITIONS = (
					"DEBUG=1",
					"$(inherited)",
				);
				GCC_SYMBOLS_PRIVATE_EXTERN = NO;
				GCC_WARN_64_TO_32_BIT_CONVERSION = YES;
				GCC_WARN_ABOUT_RETURN_TYPE = YES_ERROR;
				GCC_WARN_UNDECLARED_SELECTOR = YES;
				GCC_WARN_UNINITIALIZED_AUTOS = YES_AGGRESSIVE;
				GCC_WARN_UNUSED_FUNCTION = YES;
				GCC_WARN_UNUSED_VARIABLE = YES;
				IPHONEOS_DEPLOYMENT_TARGET = 7.1;
				ONLY_ACTIVE_ARCH = YES;
				OTHER_LDFLAGS = "-all_load";
				SDKROOT = iphoneos;
			};
			name = Debug;
		};
		32BFE7E219D043BF00694861 /* Release */ = {
			isa = XCBuildConfiguration;
			buildSettings = {
				ALWAYS_SEARCH_USER_PATHS = NO;
				CLANG_CXX_LANGUAGE_STANDARD = "gnu++0x";
				CLANG_CXX_LIBRARY = "libc++";
				CLANG_ENABLE_MODULES = YES;
				CLANG_ENABLE_OBJC_ARC = YES;
				CLANG_WARN_BOOL_CONVERSION = YES;
				CLANG_WARN_CONSTANT_CONVERSION = YES;
				CLANG_WARN_DIRECT_OBJC_ISA_USAGE = YES_ERROR;
				CLANG_WARN_EMPTY_BODY = YES;
				CLANG_WARN_ENUM_CONVERSION = YES;
				CLANG_WARN_INT_CONVERSION = YES;
				CLANG_WARN_OBJC_ROOT_CLASS = YES_ERROR;
				CLANG_WARN__DUPLICATE_METHOD_MATCH = YES;
				"CODE_SIGN_IDENTITY[sdk=iphoneos*]" = "iPhone Developer";
				COPY_PHASE_STRIP = YES;
				ENABLE_NS_ASSERTIONS = NO;
				GCC_C_LANGUAGE_STANDARD = gnu99;
				GCC_WARN_64_TO_32_BIT_CONVERSION = YES;
				GCC_WARN_ABOUT_RETURN_TYPE = YES_ERROR;
				GCC_WARN_UNDECLARED_SELECTOR = YES;
				GCC_WARN_UNINITIALIZED_AUTOS = YES_AGGRESSIVE;
				GCC_WARN_UNUSED_FUNCTION = YES;
				GCC_WARN_UNUSED_VARIABLE = YES;
				IPHONEOS_DEPLOYMENT_TARGET = 7.1;
				OTHER_LDFLAGS = "-all_load";
				SDKROOT = iphoneos;
				VALIDATE_PRODUCT = YES;
			};
			name = Release;
		};
		32BFE7E419D043BF00694861 /* Debug */ = {
			isa = XCBuildConfiguration;
			buildSettings = {
				ASSETCATALOG_COMPILER_APPICON_NAME = AppIcon;
				ENABLE_BITCODE = NO;
				GCC_PRECOMPILE_PREFIX_HEADER = YES;
				GCC_PREFIX_HEADER = "PayU-iOS-SDK-Sample-Application/PayU-iOS-SDK-Sample-Application-Prefix.pch";
				IBSC_WARNINGS = NO;
				INFOPLIST_FILE = "PayU-iOS-SDK-Sample-Application/PayU-iOS-SDK-Sample-Application-Info.plist";
				LIBRARY_SEARCH_PATHS = (
					"$(inherited)",
					"$(PROJECT_DIR)/PayU-iOS-SDK-Sample-Application/External/PayUOneClickSDK",
				);
				PRODUCT_BUNDLE_IDENTIFIER = "com.payu.${PRODUCT_NAME:rfc1034identifier}";
				PRODUCT_NAME = "$(TARGET_NAME)";
				TARGETED_DEVICE_FAMILY = 1;
				WRAPPER_EXTENSION = app;
			};
			name = Debug;
		};
		32BFE7E519D043BF00694861 /* Release */ = {
			isa = XCBuildConfiguration;
			buildSettings = {
				ASSETCATALOG_COMPILER_APPICON_NAME = AppIcon;
				ENABLE_BITCODE = NO;
				GCC_PRECOMPILE_PREFIX_HEADER = YES;
				GCC_PREFIX_HEADER = "PayU-iOS-SDK-Sample-Application/PayU-iOS-SDK-Sample-Application-Prefix.pch";
				IBSC_WARNINGS = NO;
				INFOPLIST_FILE = "PayU-iOS-SDK-Sample-Application/PayU-iOS-SDK-Sample-Application-Info.plist";
				LIBRARY_SEARCH_PATHS = (
					"$(inherited)",
					"$(PROJECT_DIR)/PayU-iOS-SDK-Sample-Application/External/PayUOneClickSDK",
				);
				PRODUCT_BUNDLE_IDENTIFIER = "com.payu.${PRODUCT_NAME:rfc1034identifier}";
				PRODUCT_NAME = "$(TARGET_NAME)";
				TARGETED_DEVICE_FAMILY = 1;
				WRAPPER_EXTENSION = app;
			};
			name = Release;
		};
		32BFE7E719D043BF00694861 /* Debug */ = {
			isa = XCBuildConfiguration;
			buildSettings = {
				BUNDLE_LOADER = "$(BUILT_PRODUCTS_DIR)/PayU-iOS-SDK-Sample-Application.app/PayU-iOS-SDK-Sample-Application";
				FRAMEWORK_SEARCH_PATHS = (
					"$(SDKROOT)/Developer/Library/Frameworks",
					"$(inherited)",
					"$(DEVELOPER_FRAMEWORKS_DIR)",
				);
				GCC_PRECOMPILE_PREFIX_HEADER = YES;
				GCC_PREFIX_HEADER = "PayU-iOS-SDK-Sample-Application/PayU-iOS-SDK-Sample-Application-Prefix.pch";
				GCC_PREPROCESSOR_DEFINITIONS = (
					"DEBUG=1",
					"$(inherited)",
				);
				INFOPLIST_FILE = "PayU-iOS-SDK-Sample-ApplicationTests/PayU-iOS-SDK-Sample-ApplicationTests-Info.plist";
				PRODUCT_BUNDLE_IDENTIFIER = "com.payu.${PRODUCT_NAME:rfc1034identifier}";
				PRODUCT_NAME = "$(TARGET_NAME)";
				TEST_HOST = "$(BUNDLE_LOADER)";
				WRAPPER_EXTENSION = xctest;
			};
			name = Debug;
		};
		32BFE7E819D043BF00694861 /* Release */ = {
			isa = XCBuildConfiguration;
			buildSettings = {
				BUNDLE_LOADER = "$(BUILT_PRODUCTS_DIR)/PayU-iOS-SDK-Sample-Application.app/PayU-iOS-SDK-Sample-Application";
				FRAMEWORK_SEARCH_PATHS = (
					"$(SDKROOT)/Developer/Library/Frameworks",
					"$(inherited)",
					"$(DEVELOPER_FRAMEWORKS_DIR)",
				);
				GCC_PRECOMPILE_PREFIX_HEADER = YES;
				GCC_PREFIX_HEADER = "PayU-iOS-SDK-Sample-Application/PayU-iOS-SDK-Sample-Application-Prefix.pch";
				INFOPLIST_FILE = "PayU-iOS-SDK-Sample-ApplicationTests/PayU-iOS-SDK-Sample-ApplicationTests-Info.plist";
				PRODUCT_BUNDLE_IDENTIFIER = "com.payu.${PRODUCT_NAME:rfc1034identifier}";
				PRODUCT_NAME = "$(TARGET_NAME)";
				TEST_HOST = "$(BUNDLE_LOADER)";
				WRAPPER_EXTENSION = xctest;
			};
			name = Release;
		};
/* End XCBuildConfiguration section */

/* Begin XCConfigurationList section */
		32BFE7AC19D043BF00694861 /* Build configuration list for PBXProject "PayU-iOS-SDK-Sample-Application" */ = {
			isa = XCConfigurationList;
			buildConfigurations = (
				32BFE7E119D043BF00694861 /* Debug */,
				32BFE7E219D043BF00694861 /* Release */,
			);
			defaultConfigurationIsVisible = 0;
			defaultConfigurationName = Release;
		};
		32BFE7E319D043BF00694861 /* Build configuration list for PBXNativeTarget "PayU-iOS-SDK-Sample-Application" */ = {
			isa = XCConfigurationList;
			buildConfigurations = (
				32BFE7E419D043BF00694861 /* Debug */,
				32BFE7E519D043BF00694861 /* Release */,
			);
			defaultConfigurationIsVisible = 0;
			defaultConfigurationName = Release;
		};
		32BFE7E619D043BF00694861 /* Build configuration list for PBXNativeTarget "PayU-iOS-SDK-Sample-ApplicationTests" */ = {
			isa = XCConfigurationList;
			buildConfigurations = (
				32BFE7E719D043BF00694861 /* Debug */,
				32BFE7E819D043BF00694861 /* Release */,
			);
			defaultConfigurationIsVisible = 0;
			defaultConfigurationName = Release;
		};
/* End XCConfigurationList section */
	};
	rootObject = 32BFE7A919D043BF00694861 /* Project object */;
}
